
Microsoft Visual Studio Solution File, Format Version 12.00
# Visual Studio Version 16
VisualStudioVersion = 16.0.31205.134
MinimumVisualStudioVersion = 10.0.40219.1
Project("{FAE04EC0-301F-11D3-BF4B-00C04F79EFBC}") = "ThatMerchantCashier", "ThatMerchantCashier\ThatMerchantCashier.csproj", "{55F9ACA1-3DBC-446B-98D0-5E051B1F3FCF}"
EndProject
Global
	GlobalSection(SolutionConfigurationPlatforms) = preSolution
		Debug|Any CPU = Debug|Any CPU
		Release|Any CPU = Release|Any CPU
	EndGlobalSection
	GlobalSection(ProjectConfigurationPlatforms) = postSolution
		{55F9ACA1-3DBC-446B-98D0-5E051B1F3FCF}.Debug|Any CPU.ActiveCfg = Debug|Any CPU
		{55F9ACA1-3DBC-446B-98D0-5E051B1F3FCF}.Debug|Any CPU.Build.0 = Debug|Any CPU
		{55F9ACA1-3DBC-446B-98D0-5E051B1F3FCF}.Release|Any CPU.ActiveCfg = Release|Any CPU
		{55F9ACA1-3DBC-446B-98D0-5E051B1F3FCF}.Release|Any CPU.Build.0 = Release|Any CPU
	EndGlobalSection
	GlobalSection(SolutionProperties) = preSolution
		HideSolutionNode = FALSE
	EndGlobalSection
	GlobalSection(ExtensibilityGlobals) = postSolution
		SolutionGuid = {E148C48A-8F03-43AD-A6B6-18B9CA40CA66}
	EndGlobalSection
EndGlobal
